
Microsoft Visual Studio Solution File, Format Version 12.00
# Visual Studio 15
VisualStudioVersion = 15.0.26430.14
MinimumVisualStudioVersion = 10.0.40219.1
Project("{9A19103F-16F7-4668-BE54-9A1E7A4F7556}") = "RoboMan", "RoboMan\RoboMan.csproj", "{C9C56E66-0291-4482-BE16-69F69B341BCC}"
EndProject
Project("{9A19103F-16F7-4668-BE54-9A1E7A4F7556}") = "RoboManTest", "RoboManTest\RoboManTest.csproj", "{5998BDA5-909D-4FB6-BB10-40AF4389E0F6}"
EndProject
Global
	GlobalSection(SolutionConfigurationPlatforms) = preSolution
		Debug|Any CPU = Debug|Any CPU
		Release|Any CPU = Release|Any CPU
	EndGlobalSection
	GlobalSection(ProjectConfigurationPlatforms) = postSolution
		{C9C56E66-0291-4482-BE16-69F69B341BCC}.Debug|Any CPU.ActiveCfg = Debug|Any CPU
		{C9C56E66-0291-4482-BE16-69F69B341BCC}.Debug|Any CPU.Build.0 = Debug|Any CPU
		{C9C56E66-0291-4482-BE16-69F69B341BCC}.Release|Any CPU.ActiveCfg = Release|Any CPU
		{C9C56E66-0291-4482-BE16-69F69B341BCC}.Release|Any CPU.Build.0 = Release|Any CPU
		{5998BDA5-909D-4FB6-BB10-40AF4389E0F6}.Debug|Any CPU.ActiveCfg = Debug|Any CPU
		{5998BDA5-909D-4FB6-BB10-40AF4389E0F6}.Debug|Any CPU.Build.0 = Debug|Any CPU
		{5998BDA5-909D-4FB6-BB10-40AF4389E0F6}.Release|Any CPU.ActiveCfg = Release|Any CPU
		{5998BDA5-909D-4FB6-BB10-40AF4389E0F6}.Release|Any CPU.Build.0 = Release|Any CPU
	EndGlobalSection
	GlobalSection(SolutionProperties) = preSolution
		HideSolutionNode = FALSE
	EndGlobalSection
	GlobalSection(ExtensibilityGlobals) = postSolution
		SolutionGuid = {495175B9-C673-4699-B939-6DFC2ABB21B7}
	EndGlobalSection
EndGlobal
